
Microsoft Visual Studio Solution File, Format Version 12.00
# Visual Studio 14
VisualStudioVersion = 14.0.23107.0
MinimumVisualStudioVersion = 10.0.40219.1
Project("{FAE04EC0-301F-11D3-BF4B-00C04F79EFBC}") = "Models", "Models\Models.csproj", "{51E40E6B-DAEF-4539-9F8D-367140781E2F}"
EndProject
Project("{FAE04EC0-301F-11D3-BF4B-00C04F79EFBC}") = "Common", "Common\Common.csproj", "{55F7C1BA-5934-4D2A-A3EB-533E2847585D}"
EndProject
Project("{FAE04EC0-301F-11D3-BF4B-00C04F79EFBC}") = "Factories", "Factories\Factories.csproj", "{2AA53BD8-3B28-485D-B25B-5494DE8B2D6F}"
EndProject
Project("{FAE04EC0-301F-11D3-BF4B-00C04F79EFBC}") = "BotFactoryConsole", "BotFactory\BotFactoryConsole.csproj", "{6B0A75A9-329C-4C18-BFC0-FDBC0759707B}"
EndProject
Project("{FAE04EC0-301F-11D3-BF4B-00C04F79EFBC}") = "Tests", "Tests\Tests.csproj", "{6378950A-272D-40FE-9F07-7ADF2A6C18F1}"
EndProject
Project("{FAE04EC0-301F-11D3-BF4B-00C04F79EFBC}") = "BotFactory", "..\..\BotFactory\BotFactory\BotFactory.csproj", "{90845D20-0A0B-4D85-B38C-4DF4A8FA2FAD}"
EndProject
Global
	GlobalSection(SolutionConfigurationPlatforms) = preSolution
		Debug|Any CPU = Debug|Any CPU
		Release|Any CPU = Release|Any CPU
	EndGlobalSection
	GlobalSection(ProjectConfigurationPlatforms) = postSolution
		{51E40E6B-DAEF-4539-9F8D-367140781E2F}.Debug|Any CPU.ActiveCfg = Debug|Any CPU
		{51E40E6B-DAEF-4539-9F8D-367140781E2F}.Debug|Any CPU.Build.0 = Debug|Any CPU
		{51E40E6B-DAEF-4539-9F8D-367140781E2F}.Release|Any CPU.ActiveCfg = Release|Any CPU
		{51E40E6B-DAEF-4539-9F8D-367140781E2F}.Release|Any CPU.Build.0 = Release|Any CPU
		{55F7C1BA-5934-4D2A-A3EB-533E2847585D}.Debug|Any CPU.ActiveCfg = Debug|Any CPU
		{55F7C1BA-5934-4D2A-A3EB-533E2847585D}.Debug|Any CPU.Build.0 = Debug|Any CPU
		{55F7C1BA-5934-4D2A-A3EB-533E2847585D}.Release|Any CPU.ActiveCfg = Release|Any CPU
		{55F7C1BA-5934-4D2A-A3EB-533E2847585D}.Release|Any CPU.Build.0 = Release|Any CPU
		{2AA53BD8-3B28-485D-B25B-5494DE8B2D6F}.Debug|Any CPU.ActiveCfg = Debug|Any CPU
		{2AA53BD8-3B28-485D-B25B-5494DE8B2D6F}.Debug|Any CPU.Build.0 = Debug|Any CPU
		{2AA53BD8-3B28-485D-B25B-5494DE8B2D6F}.Release|Any CPU.ActiveCfg = Release|Any CPU
		{2AA53BD8-3B28-485D-B25B-5494DE8B2D6F}.Release|Any CPU.Build.0 = Release|Any CPU
		{6B0A75A9-329C-4C18-BFC0-FDBC0759707B}.Debug|Any CPU.ActiveCfg = Debug|Any CPU
		{6B0A75A9-329C-4C18-BFC0-FDBC0759707B}.Debug|Any CPU.Build.0 = Debug|Any CPU
		{6B0A75A9-329C-4C18-BFC0-FDBC0759707B}.Release|Any CPU.ActiveCfg = Release|Any CPU
		{6B0A75A9-329C-4C18-BFC0-FDBC0759707B}.Release|Any CPU.Build.0 = Release|Any CPU
		{6378950A-272D-40FE-9F07-7ADF2A6C18F1}.Debug|Any CPU.ActiveCfg = Debug|Any CPU
		{6378950A-272D-40FE-9F07-7ADF2A6C18F1}.Debug|Any CPU.Build.0 = Debug|Any CPU
		{6378950A-272D-40FE-9F07-7ADF2A6C18F1}.Release|Any CPU.ActiveCfg = Release|Any CPU
		{6378950A-272D-40FE-9F07-7ADF2A6C18F1}.Release|Any CPU.Build.0 = Release|Any CPU
		{90845D20-0A0B-4D85-B38C-4DF4A8FA2FAD}.Debug|Any CPU.ActiveCfg = Debug|Any CPU
		{90845D20-0A0B-4D85-B38C-4DF4A8FA2FAD}.Debug|Any CPU.Build.0 = Debug|Any CPU
		{90845D20-0A0B-4D85-B38C-4DF4A8FA2FAD}.Release|Any CPU.ActiveCfg = Release|Any CPU
		{90845D20-0A0B-4D85-B38C-4DF4A8FA2FAD}.Release|Any CPU.Build.0 = Release|Any CPU
	EndGlobalSection
	GlobalSection(SolutionProperties) = preSolution
		HideSolutionNode = FALSE
	EndGlobalSection
EndGlobal
